
Microsoft Visual Studio Solution File, Format Version 12.00
# Visual Studio Version 17
VisualStudioVersion = 17.8.34511.84
MinimumVisualStudioVersion = 10.0.40219.1
Project("{FAE04EC0-301F-11D3-BF4B-00C04F79EFBC}") = "EFCorePractice", "EFCorePractice\EFCorePractice.csproj", "{751B96FC-3EB6-49E0-AFC3-D6D067F38A6D}"
EndProject
Global
	GlobalSection(SolutionConfigurationPlatforms) = preSolution
		Debug|Any CPU = Debug|Any CPU
		Release|Any CPU = Release|Any CPU
	EndGlobalSection
	GlobalSection(ProjectConfigurationPlatforms) = postSolution
		{751B96FC-3EB6-49E0-AFC3-D6D067F38A6D}.Debug|Any CPU.ActiveCfg = Debug|Any CPU
		{751B96FC-3EB6-49E0-AFC3-D6D067F38A6D}.Debug|Any CPU.Build.0 = Debug|Any CPU
		{751B96FC-3EB6-49E0-AFC3-D6D067F38A6D}.Release|Any CPU.ActiveCfg = Release|Any CPU
		{751B96FC-3EB6-49E0-AFC3-D6D067F38A6D}.Release|Any CPU.Build.0 = Release|Any CPU
	EndGlobalSection
	GlobalSection(SolutionProperties) = preSolution
		HideSolutionNode = FALSE
	EndGlobalSection
	GlobalSection(ExtensibilityGlobals) = postSolution
		SolutionGuid = {08A4BB52-3CC5-4131-8079-8B5656967DD7}
	EndGlobalSection
EndGlobal
